
Microsoft Visual Studio Solution File, Format Version 12.00
# Visual Studio Version 16
VisualStudioVersion = 16.0.28803.156
MinimumVisualStudioVersion = 10.0.40219.1
Project("{FAE04EC0-301F-11D3-BF4B-00C04F79EFBC}") = "BookmakerOffice", "BookmakerOffice\BookmakerOffice.csproj", "{9E436424-E0A7-4A8D-B6E7-9AA04AB6DC15}"
EndProject
Project("{FAE04EC0-301F-11D3-BF4B-00C04F79EFBC}") = "BetSystem", "BetSystem\BetSystem.csproj", "{46971853-C62A-4FE7-87D4-5AC8F4D1231D}"
EndProject
Global
	GlobalSection(SolutionConfigurationPlatforms) = preSolution
		Debug|Any CPU = Debug|Any CPU
		Release|Any CPU = Release|Any CPU
	EndGlobalSection
	GlobalSection(ProjectConfigurationPlatforms) = postSolution
		{9E436424-E0A7-4A8D-B6E7-9AA04AB6DC15}.Debug|Any CPU.ActiveCfg = Debug|Any CPU
		{9E436424-E0A7-4A8D-B6E7-9AA04AB6DC15}.Debug|Any CPU.Build.0 = Debug|Any CPU
		{9E436424-E0A7-4A8D-B6E7-9AA04AB6DC15}.Release|Any CPU.ActiveCfg = Release|Any CPU
		{9E436424-E0A7-4A8D-B6E7-9AA04AB6DC15}.Release|Any CPU.Build.0 = Release|Any CPU
		{46971853-C62A-4FE7-87D4-5AC8F4D1231D}.Debug|Any CPU.ActiveCfg = Debug|Any CPU
		{46971853-C62A-4FE7-87D4-5AC8F4D1231D}.Debug|Any CPU.Build.0 = Debug|Any CPU
		{46971853-C62A-4FE7-87D4-5AC8F4D1231D}.Release|Any CPU.ActiveCfg = Release|Any CPU
		{46971853-C62A-4FE7-87D4-5AC8F4D1231D}.Release|Any CPU.Build.0 = Release|Any CPU
	EndGlobalSection
	GlobalSection(SolutionProperties) = preSolution
		HideSolutionNode = FALSE
	EndGlobalSection
	GlobalSection(ExtensibilityGlobals) = postSolution
		SolutionGuid = {1DF7B120-D75F-454B-A641-859F4ED36FD4}
	EndGlobalSection
EndGlobal
